
Microsoft Visual Studio Solution File, Format Version 12.00
# Visual Studio Version 17
VisualStudioVersion = 17.0.31903.59
MinimumVisualStudioVersion = 10.0.40219.1
Project("{FAE04EC0-301F-11D3-BF4B-00C04F79EFBC}") = "core", "core\core.csproj", "{7B350A3C-51A0-4B9D-BA4B-BBD38F01660D}"
EndProject
Project("{FAE04EC0-301F-11D3-BF4B-00C04F79EFBC}") = "infastructure", "infastructure\infastructure.csproj", "{D4102B04-79F7-433B-921F-A0E9062B8AD0}"
EndProject
Project("{FAE04EC0-301F-11D3-BF4B-00C04F79EFBC}") = "application", "application\application.csproj", "{B12A0AA4-E496-4D28-AECA-984710739AE2}"
EndProject
Project("{FAE04EC0-301F-11D3-BF4B-00C04F79EFBC}") = "api", "api\api.csproj", "{481D2885-A929-49D5-ACF3-E0F2B99B0C05}"
EndProject
Project("{FAE04EC0-301F-11D3-BF4B-00C04F79EFBC}") = "presentation", "presentation\presentation.csproj", "{88384D36-492C-4396-9AFB-7C2E73A2A51E}"
EndProject
Global
	GlobalSection(SolutionProperties) = preSolution
		HideSolutionNode = FALSE
	EndGlobalSection
	GlobalSection(SolutionConfigurationPlatforms) = preSolution
		Debug|Any CPU = Debug|Any CPU
		Debug|x64 = Debug|x64
		Debug|x86 = Debug|x86
		Release|Any CPU = Release|Any CPU
		Release|x64 = Release|x64
		Release|x86 = Release|x86
	EndGlobalSection
	GlobalSection(ProjectConfigurationPlatforms) = postSolution
		{7B350A3C-51A0-4B9D-BA4B-BBD38F01660D}.Debug|Any CPU.ActiveCfg = Debug|Any CPU
		{7B350A3C-51A0-4B9D-BA4B-BBD38F01660D}.Debug|Any CPU.Build.0 = Debug|Any CPU
		{7B350A3C-51A0-4B9D-BA4B-BBD38F01660D}.Debug|x64.ActiveCfg = Debug|Any CPU
		{7B350A3C-51A0-4B9D-BA4B-BBD38F01660D}.Debug|x64.Build.0 = Debug|Any CPU
		{7B350A3C-51A0-4B9D-BA4B-BBD38F01660D}.Debug|x86.ActiveCfg = Debug|Any CPU
		{7B350A3C-51A0-4B9D-BA4B-BBD38F01660D}.Debug|x86.Build.0 = Debug|Any CPU
		{7B350A3C-51A0-4B9D-BA4B-BBD38F01660D}.Release|Any CPU.ActiveCfg = Release|Any CPU
		{7B350A3C-51A0-4B9D-BA4B-BBD38F01660D}.Release|Any CPU.Build.0 = Release|Any CPU
		{7B350A3C-51A0-4B9D-BA4B-BBD38F01660D}.Release|x64.ActiveCfg = Release|Any CPU
		{7B350A3C-51A0-4B9D-BA4B-BBD38F01660D}.Release|x64.Build.0 = Release|Any CPU
		{7B350A3C-51A0-4B9D-BA4B-BBD38F01660D}.Release|x86.ActiveCfg = Release|Any CPU
		{7B350A3C-51A0-4B9D-BA4B-BBD38F01660D}.Release|x86.Build.0 = Release|Any CPU
		{D4102B04-79F7-433B-921F-A0E9062B8AD0}.Debug|Any CPU.ActiveCfg = Debug|Any CPU
		{D4102B04-79F7-433B-921F-A0E9062B8AD0}.Debug|Any CPU.Build.0 = Debug|Any CPU
		{D4102B04-79F7-433B-921F-A0E9062B8AD0}.Debug|x64.ActiveCfg = Debug|Any CPU
		{D4102B04-79F7-433B-921F-A0E9062B8AD0}.Debug|x64.Build.0 = Debug|Any CPU
		{D4102B04-79F7-433B-921F-A0E9062B8AD0}.Debug|x86.ActiveCfg = Debug|Any CPU
		{D4102B04-79F7-433B-921F-A0E9062B8AD0}.Debug|x86.Build.0 = Debug|Any CPU
		{D4102B04-79F7-433B-921F-A0E9062B8AD0}.Release|Any CPU.ActiveCfg = Release|Any CPU
		{D4102B04-79F7-433B-921F-A0E9062B8AD0}.Release|Any CPU.Build.0 = Release|Any CPU
		{D4102B04-79F7-433B-921F-A0E9062B8AD0}.Release|x64.ActiveCfg = Release|Any CPU
		{D4102B04-79F7-433B-921F-A0E9062B8AD0}.Release|x64.Build.0 = Release|Any CPU
		{D4102B04-79F7-433B-921F-A0E9062B8AD0}.Release|x86.ActiveCfg = Release|Any CPU
		{D4102B04-79F7-433B-921F-A0E9062B8AD0}.Release|x86.Build.0 = Release|Any CPU
		{B12A0AA4-E496-4D28-AECA-984710739AE2}.Debug|Any CPU.ActiveCfg = Debug|Any CPU
		{B12A0AA4-E496-4D28-AECA-984710739AE2}.Debug|Any CPU.Build.0 = Debug|Any CPU
		{B12A0AA4-E496-4D28-AECA-984710739AE2}.Debug|x64.ActiveCfg = Debug|Any CPU
		{B12A0AA4-E496-4D28-AECA-984710739AE2}.Debug|x64.Build.0 = Debug|Any CPU
		{B12A0AA4-E496-4D28-AECA-984710739AE2}.Debug|x86.ActiveCfg = Debug|Any CPU
		{B12A0AA4-E496-4D28-AECA-984710739AE2}.Debug|x86.Build.0 = Debug|Any CPU
		{B12A0AA4-E496-4D28-AECA-984710739AE2}.Release|Any CPU.ActiveCfg = Release|Any CPU
		{B12A0AA4-E496-4D28-AECA-984710739AE2}.Release|Any CPU.Build.0 = Release|Any CPU
		{B12A0AA4-E496-4D28-AECA-984710739AE2}.Release|x64.ActiveCfg = Release|Any CPU
		{B12A0AA4-E496-4D28-AECA-984710739AE2}.Release|x64.Build.0 = Release|Any CPU
		{B12A0AA4-E496-4D28-AECA-984710739AE2}.Release|x86.ActiveCfg = Release|Any CPU
		{B12A0AA4-E496-4D28-AECA-984710739AE2}.Release|x86.Build.0 = Release|Any CPU
		{481D2885-A929-49D5-ACF3-E0F2B99B0C05}.Debug|Any CPU.ActiveCfg = Debug|Any CPU
		{481D2885-A929-49D5-ACF3-E0F2B99B0C05}.Debug|Any CPU.Build.0 = Debug|Any CPU
		{481D2885-A929-49D5-ACF3-E0F2B99B0C05}.Debug|x64.ActiveCfg = Debug|Any CPU
		{481D2885-A929-49D5-ACF3-E0F2B99B0C05}.Debug|x64.Build.0 = Debug|Any CPU
		{481D2885-A929-49D5-ACF3-E0F2B99B0C05}.Debug|x86.ActiveCfg = Debug|Any CPU
		{481D2885-A929-49D5-ACF3-E0F2B99B0C05}.Debug|x86.Build.0 = Debug|Any CPU
		{481D2885-A929-49D5-ACF3-E0F2B99B0C05}.Release|Any CPU.ActiveCfg = Release|Any CPU
		{481D2885-A929-49D5-ACF3-E0F2B99B0C05}.Release|Any CPU.Build.0 = Release|Any CPU
		{481D2885-A929-49D5-ACF3-E0F2B99B0C05}.Release|x64.ActiveCfg = Release|Any CPU
		{481D2885-A929-49D5-ACF3-E0F2B99B0C05}.Release|x64.Build.0 = Release|Any CPU
		{481D2885-A929-49D5-ACF3-E0F2B99B0C05}.Release|x86.ActiveCfg = Release|Any CPU
		{481D2885-A929-49D5-ACF3-E0F2B99B0C05}.Release|x86.Build.0 = Release|Any CPU
		{88384D36-492C-4396-9AFB-7C2E73A2A51E}.Debug|Any CPU.ActiveCfg = Debug|Any CPU
		{88384D36-492C-4396-9AFB-7C2E73A2A51E}.Debug|Any CPU.Build.0 = Debug|Any CPU
		{88384D36-492C-4396-9AFB-7C2E73A2A51E}.Debug|x64.ActiveCfg = Debug|Any CPU
		{88384D36-492C-4396-9AFB-7C2E73A2A51E}.Debug|x64.Build.0 = Debug|Any CPU
		{88384D36-492C-4396-9AFB-7C2E73A2A51E}.Debug|x86.ActiveCfg = Debug|Any CPU
		{88384D36-492C-4396-9AFB-7C2E73A2A51E}.Debug|x86.Build.0 = Debug|Any CPU
		{88384D36-492C-4396-9AFB-7C2E73A2A51E}.Release|Any CPU.ActiveCfg = Release|Any CPU
		{88384D36-492C-4396-9AFB-7C2E73A2A51E}.Release|Any CPU.Build.0 = Release|Any CPU
		{88384D36-492C-4396-9AFB-7C2E73A2A51E}.Release|x64.ActiveCfg = Release|Any CPU
		{88384D36-492C-4396-9AFB-7C2E73A2A51E}.Release|x64.Build.0 = Release|Any CPU
		{88384D36-492C-4396-9AFB-7C2E73A2A51E}.Release|x86.ActiveCfg = Release|Any CPU
		{88384D36-492C-4396-9AFB-7C2E73A2A51E}.Release|x86.Build.0 = Release|Any CPU
	EndGlobalSection
EndGlobal
